<?xml version="1.0" encoding="utf-8"?>
<Project ToolsVersion="4.0" xmlns="http://schemas.microsoft.com/developer/msbuild/2003">
  <ItemGroup>
    <ClInclude Include="bg_local.h" />
    <ClInclude Include="cg_local.h" />
    <ClInclude Include="g_local.h" />
    <ClInclude Include="g_statusbar.h" />
    <ClInclude Include="game.h" />
    <ClInclude Include="q_std.h" />
    <ClInclude Include="q_vec3.h" />
    <ClInclude Include="jump.h">
      <Filter>jump</Filter>
    </ClInclude>
    <ClInclude Include="ctf\p_ctf_menu.h" />
    <ClInclude Include="bots\bot_debug.h">
      <Filter>bots</Filter>
    </ClInclude>
    <ClInclude Include="bots\bot_exports.h">
      <Filter>bots</Filter>
    </ClInclude>
    <ClInclude Include="bots\bot_includes.h">
      <Filter>bots</Filter>
    </ClInclude>
    <ClInclude Include="bots\bot_think.h">
      <Filter>bots</Filter>
    </ClInclude>
    <ClInclude Include="bots\bot_utils.h">
      <Filter>bots</Filter>
    </ClInclude>
    <ClInclude Include="ctf\g_ctf.h">
      <Filter>ctf</Filter>
    </ClInclude>
    <ClInclude Include="m_actor.h">
      <Filter>monster</Filter>
    </ClInclude>
    <ClInclude Include="m_arachnid.h">
      <Filter>monster</Filter>
    </ClInclude>
    <ClInclude Include="m_berserk.h">
      <Filter>monster</Filter>
    </ClInclude>
    <ClInclude Include="m_boss2.h">
      <Filter>monster</Filter>
    </ClInclude>
    <ClInclude Include="m_boss31.h">
      <Filter>monster</Filter>
    </ClInclude>
    <ClInclude Include="m_boss32.h">
      <Filter>monster</Filter>
    </ClInclude>
    <ClInclude Include="m_brain.h">
      <Filter>monster</Filter>
    </ClInclude>
    <ClInclude Include="m_chick.h">
      <Filter>monster</Filter>
    </ClInclude>
    <ClInclude Include="m_flash.h">
      <Filter>monster</Filter>
    </ClInclude>
    <ClInclude Include="m_flipper.h">
      <Filter>monster</Filter>
    </ClInclude>
    <ClInclude Include="m_float.h">
      <Filter>monster</Filter>
    </ClInclude>
    <ClInclude Include="m_flyer.h">
      <Filter>monster</Filter>
    </ClInclude>
    <ClInclude Include="m_gladiator.h">
      <Filter>monster</Filter>
    </ClInclude>
    <ClInclude Include="m_guardian.h">
      <Filter>monster</Filter>
    </ClInclude>
    <ClInclude Include="m_gunner.h">
      <Filter>monster</Filter>
    </ClInclude>
    <ClInclude Include="m_hover.h">
      <Filter>monster</Filter>
    </ClInclude>
    <ClInclude Include="m_infantry.h">
      <Filter>monster</Filter>
    </ClInclude>
    <ClInclude Include="m_insane.h">
      <Filter>monster</Filter>
    </ClInclude>
    <ClInclude Include="m_medic.h">
      <Filter>monster</Filter>
    </ClInclude>
    <ClInclude Include="m_mutant.h">
      <Filter>monster</Filter>
    </ClInclude>
    <ClInclude Include="m_parasite.h">
      <Filter>monster</Filter>
    </ClInclude>
    <ClInclude Include="m_player.h">
      <Filter>monster</Filter>
    </ClInclude>
    <ClInclude Include="m_rider.h">
      <Filter>monster</Filter>
    </ClInclude>
    <ClInclude Include="rogue\m_rogue_carrier.h">
      <Filter>rogue</Filter>
    </ClInclude>
    <ClInclude Include="rogue\m_rogue_stalker.h">
      <Filter>rogue</Filter>
    </ClInclude>
    <ClInclude Include="rogue\m_rogue_turret.h">
      <Filter>rogue</Filter>
    </ClInclude>
    <ClInclude Include="rogue\m_rogue_widow.h">
      <Filter>rogue</Filter>
    </ClInclude>
    <ClInclude Include="rogue\m_rogue_widow2.h">
      <Filter>rogue</Filter>
    </ClInclude>
    <ClInclude Include="m_soldier.h">
      <Filter>monster</Filter>
    </ClInclude>
    <ClInclude Include="m_supertank.h">
      <Filter>monster</Filter>
    </ClInclude>
    <ClInclude Include="m_tank.h">
      <Filter>monster</Filter>
    </ClInclude>
    <ClInclude Include="xatrix\m_xatrix_fixbot.h">
      <Filter>xatrix</Filter>
    </ClInclude>
    <ClInclude Include="xatrix\m_xatrix_gekk.h">
      <Filter>xatrix</Filter>
    </ClInclude>
    <ClInclude Include="m_shambler.h">
      <Filter>monster</Filter>
    </ClInclude>
  </ItemGroup>
  <ItemGroup>
    <ClCompile Include="cg_main.cpp" />
    <ClCompile Include="cg_screen.cpp" />
    <ClCompile Include="g_ai.cpp" />
    <ClCompile Include="g_chase.cpp" />
    <ClCompile Include="g_cmds.cpp" />
    <ClCompile Include="g_combat.cpp" />
    <ClCompile Include="g_func.cpp" />
    <ClCompile Include="g_items.cpp" />
    <ClCompile Include="g_main.cpp" />
    <ClCompile Include="g_misc.cpp" />
    <ClCompile Include="g_monster.cpp" />
    <ClCompile Include="g_phys.cpp" />
    <ClCompile Include="g_save.cpp" />
    <ClCompile Include="g_spawn.cpp" />
    <ClCompile Include="g_svcmds.cpp" />
    <ClCompile Include="g_target.cpp" />
    <ClCompile Include="g_trigger.cpp" />
    <ClCompile Include="g_turret.cpp" />
    <ClCompile Include="g_utils.cpp" />
    <ClCompile Include="g_weapon.cpp" />
    <ClCompile Include="p_client.cpp" />
    <ClCompile Include="p_hud.cpp" />
    <ClCompile Include="p_move.cpp" />
    <ClCompile Include="p_trail.cpp" />
    <ClCompile Include="p_view.cpp" />
    <ClCompile Include="p_weapon.cpp" />
    <ClCompile Include="q_std.cpp" />
    <ClCompile Include="ctf\p_ctf_menu.cpp" />
    <ClCompile Include="bots\bot_debug.cpp">
      <Filter>bots</Filter>
    </ClCompile>
    <ClCompile Include="bots\bot_exports.cpp">
      <Filter>bots</Filter>
    </ClCompile>
    <ClCompile Include="bots\bot_think.cpp">
      <Filter>bots</Filter>
    </ClCompile>
    <ClCompile Include="bots\bot_utils.cpp">
      <Filter>bots</Filter>
    </ClCompile>
    <ClCompile Include="rogue\g_rogue_utils.cpp">
      <Filter>rogue</Filter>
    </ClCompile>
    <ClCompile Include="rogue\g_rogue_combat.cpp">
      <Filter>rogue</Filter>
    </ClCompile>
    <ClCompile Include="rogue\g_rogue_func.cpp">
      <Filter>rogue</Filter>
    </ClCompile>
    <ClCompile Include="rogue\g_rogue_items.cpp">
      <Filter>rogue</Filter>
    </ClCompile>
    <ClCompile Include="rogue\g_rogue_misc.cpp">
      <Filter>rogue</Filter>
    </ClCompile>
    <ClCompile Include="rogue\g_rogue_monster.cpp">
      <Filter>rogue</Filter>
    </ClCompile>
    <ClCompile Include="rogue\g_rogue_newai.cpp">
      <Filter>rogue</Filter>
    </ClCompile>
    <ClCompile Include="rogue\g_rogue_newdm.cpp">
      <Filter>rogue</Filter>
    </ClCompile>
    <ClCompile Include="rogue\g_rogue_newfnc.cpp">
      <Filter>rogue</Filter>
    </ClCompile>
    <ClCompile Include="rogue\g_rogue_newtarg.cpp">
      <Filter>rogue</Filter>
    </ClCompile>
    <ClCompile Include="rogue\g_rogue_newtrig.cpp">
      <Filter>rogue</Filter>
    </ClCompile>
    <ClCompile Include="rogue\g_rogue_newweap.cpp">
      <Filter>rogue</Filter>
    </ClCompile>
    <ClCompile Include="rogue\g_rogue_phys.cpp">
      <Filter>rogue</Filter>
    </ClCompile>
    <ClCompile Include="rogue\g_rogue_spawn.cpp">
      <Filter>rogue</Filter>
    </ClCompile>
    <ClCompile Include="rogue\g_rogue_sphere.cpp">
      <Filter>rogue</Filter>
    </ClCompile>
    <ClCompile Include="ctf\g_ctf.cpp">
      <Filter>ctf</Filter>
    </ClCompile>
    <ClCompile Include="xatrix\g_xatrix_func.cpp">
      <Filter>xatrix</Filter>
    </ClCompile>
    <ClCompile Include="xatrix\g_xatrix_items.cpp">
      <Filter>xatrix</Filter>
    </ClCompile>
    <ClCompile Include="xatrix\g_xatrix_misc.cpp">
      <Filter>xatrix</Filter>
    </ClCompile>
    <ClCompile Include="xatrix\g_xatrix_monster.cpp">
      <Filter>xatrix</Filter>
    </ClCompile>
    <ClCompile Include="xatrix\g_xatrix_target.cpp">
      <Filter>xatrix</Filter>
    </ClCompile>
    <ClCompile Include="xatrix\g_xatrix_weapon.cpp">
      <Filter>xatrix</Filter>
    </ClCompile>
    <ClCompile Include="m_actor.cpp">
      <Filter>monster</Filter>
    </ClCompile>
    <ClCompile Include="m_arachnid.cpp">
      <Filter>monster</Filter>
    </ClCompile>
    <ClCompile Include="m_berserk.cpp">
      <Filter>monster</Filter>
    </ClCompile>
    <ClCompile Include="m_boss2.cpp">
      <Filter>monster</Filter>
    </ClCompile>
    <ClCompile Include="m_boss3.cpp">
      <Filter>monster</Filter>
    </ClCompile>
    <ClCompile Include="m_boss31.cpp">
      <Filter>monster</Filter>
    </ClCompile>
    <ClCompile Include="m_boss32.cpp">
      <Filter>monster</Filter>
    </ClCompile>
    <ClCompile Include="m_brain.cpp">
      <Filter>monster</Filter>
    </ClCompile>
    <ClCompile Include="m_chick.cpp">
      <Filter>monster</Filter>
    </ClCompile>
    <ClCompile Include="m_flipper.cpp">
      <Filter>monster</Filter>
    </ClCompile>
    <ClCompile Include="m_float.cpp">
      <Filter>monster</Filter>
    </ClCompile>
    <ClCompile Include="m_flyer.cpp">
      <Filter>monster</Filter>
    </ClCompile>
    <ClCompile Include="m_gladiator.cpp">
      <Filter>monster</Filter>
    </ClCompile>
    <ClCompile Include="m_guardian.cpp">
      <Filter>monster</Filter>
    </ClCompile>
    <ClCompile Include="m_guncmdr.cpp">
      <Filter>monster</Filter>
    </ClCompile>
    <ClCompile Include="m_gunner.cpp">
      <Filter>monster</Filter>
    </ClCompile>
    <ClCompile Include="m_hover.cpp">
      <Filter>monster</Filter>
    </ClCompile>
    <ClCompile Include="m_infantry.cpp">
      <Filter>monster</Filter>
    </ClCompile>
    <ClCompile Include="m_insane.cpp">
      <Filter>monster</Filter>
    </ClCompile>
    <ClCompile Include="m_medic.cpp">
      <Filter>monster</Filter>
    </ClCompile>
    <ClCompile Include="m_move.cpp">
      <Filter>monster</Filter>
    </ClCompile>
    <ClCompile Include="m_mutant.cpp">
      <Filter>monster</Filter>
    </ClCompile>
    <ClCompile Include="m_parasite.cpp">
      <Filter>monster</Filter>
    </ClCompile>
    <ClCompile Include="rogue\m_rogue_carrier.cpp">
      <Filter>rogue</Filter>
    </ClCompile>
    <ClCompile Include="rogue\m_rogue_stalker.cpp">
      <Filter>rogue</Filter>
    </ClCompile>
    <ClCompile Include="rogue\m_rogue_turret.cpp">
      <Filter>rogue</Filter>
    </ClCompile>
    <ClCompile Include="rogue\m_rogue_widow.cpp">
      <Filter>rogue</Filter>
    </ClCompile>
    <ClCompile Include="rogue\m_rogue_widow2.cpp">
      <Filter>rogue</Filter>
    </ClCompile>
    <ClCompile Include="m_soldier.cpp">
      <Filter>monster</Filter>
    </ClCompile>
    <ClCompile Include="m_supertank.cpp">
      <Filter>monster</Filter>
    </ClCompile>
    <ClCompile Include="m_tank.cpp">
      <Filter>monster</Filter>
    </ClCompile>
    <ClCompile Include="xatrix\m_xatrix_fixbot.cpp">
      <Filter>xatrix</Filter>
    </ClCompile>
    <ClCompile Include="xatrix\m_xatrix_gekk.cpp">
      <Filter>xatrix</Filter>
    </ClCompile>
    <ClCompile Include="xatrix\p_xatrix_weapon.cpp">
      <Filter>xatrix</Filter>
    </ClCompile>
    <ClCompile Include="rogue\rogue_dm_tag.cpp">
      <Filter>rogue</Filter>
    </ClCompile>
    <ClCompile Include="rogue\rogue_dm_ball.cpp">
      <Filter>rogue</Filter>
    </ClCompile>
    <ClCompile Include="rogue\p_rogue_weapon.cpp">
      <Filter>rogue</Filter>
    </ClCompile>
    <ClCompile Include="m_shambler.cpp">
      <Filter>monster</Filter>
    </ClCompile>
  </ItemGroup>
  <ItemGroup>
    <Filter Include="jump">
      <UniqueIdentifier>{6a2b431f-6ad0-4f88-a21a-cf0853ac06f6}</UniqueIdentifier>
    </Filter>
    <Filter Include="bots">
      <UniqueIdentifier>{81e9d628-8e27-4e4b-a9c1-9e6028841b2d}</UniqueIdentifier>
    </Filter>
    <Filter Include="rogue">
      <UniqueIdentifier>{0003fa24-7e76-46d0-a832-12dba9b89650}</UniqueIdentifier>
    </Filter>
    <Filter Include="ctf">
      <UniqueIdentifier>{fa75fe76-c2bf-4443-a875-a8ae581002b7}</UniqueIdentifier>
    </Filter>
    <Filter Include="xatrix">
      <UniqueIdentifier>{561d956a-d7ae-4b9a-84e6-c1b0ffaf2bd2}</UniqueIdentifier>
    </Filter>
    <Filter Include="monster">
      <UniqueIdentifier>{f00054c6-2ff7-45f4-8654-c1274ee4dab7}</UniqueIdentifier>
    </Filter>
  </ItemGroup>
</Project>